
Microsoft Visual Studio Solution File, Format Version 12.00
# Visual Studio Version 17
VisualStudioVersion = 17.13.35731.43 d17.13
MinimumVisualStudioVersion = 10.0.40219.1
Project("{FAE04EC0-301F-11D3-BF4B-00C04F79EFBC}") = "expresiónaritméticaBalanciada", "expresiónaritméticaBalanciada\expresiónaritméticaBalanciada.csproj", "{E5AD1620-4EBC-4F8D-92E3-01B171473278}"
EndProject
Global
	GlobalSection(SolutionConfigurationPlatforms) = preSolution
		Debug|Any CPU = Debug|Any CPU
		Release|Any CPU = Release|Any CPU
	EndGlobalSection
	GlobalSection(ProjectConfigurationPlatforms) = postSolution
		{E5AD1620-4EBC-4F8D-92E3-01B171473278}.Debug|Any CPU.ActiveCfg = Debug|Any CPU
		{E5AD1620-4EBC-4F8D-92E3-01B171473278}.Debug|Any CPU.Build.0 = Debug|Any CPU
		{E5AD1620-4EBC-4F8D-92E3-01B171473278}.Release|Any CPU.ActiveCfg = Release|Any CPU
		{E5AD1620-4EBC-4F8D-92E3-01B171473278}.Release|Any CPU.Build.0 = Release|Any CPU
	EndGlobalSection
	GlobalSection(SolutionProperties) = preSolution
		HideSolutionNode = FALSE
	EndGlobalSection
	GlobalSection(ExtensibilityGlobals) = postSolution
		SolutionGuid = {08FBC427-D23D-492B-9311-C0C672582DC1}
	EndGlobalSection
EndGlobal
